// !$*UTF8*$!
{
	archiveVersion = 1;
	classes = {
	};
	objectVersion = 50;
	objects = {

/* Begin PBXBuildFile section */
		1F92739D21512C3B002C8E93 /* AppDelegate.m in Sources */ = {isa = PBXBuildFile; fileRef = 1F92739C21512C3B002C8E93 /* AppDelegate.m */; };
		1F9273A521512C3B002C8E93 /* Assets.xcassets in Resources */ = {isa = PBXBuildFile; fileRef = 1F9273A421512C3B002C8E93 /* Assets.xcassets */; };
		1F9273A821512C3B002C8E93 /* LaunchScreen.storyboard in Resources */ = {isa = PBXBuildFile; fileRef = 1F9273A621512C3B002C8E93 /* LaunchScreen.storyboard */; };
		1F9273AB21512C3C002C8E93 /* main.m in Sources */ = {isa = PBXBuildFile; fileRef = 1F9273AA21512C3C002C8E93 /* main.m */; };
		1F9273B521512C3C002C8E93 /* YFLDragCardViewProjectTests.m in Sources */ = {isa = PBXBuildFile; fileRef = 1F9273B421512C3C002C8E93 /* YFLDragCardViewProjectTests.m */; };
		1F9273C021512C3C002C8E93 /* YFLDragCardViewProjectUITests.m in Sources */ = {isa = PBXBuildFile; fileRef = 1F9273BF21512C3C002C8E93 /* YFLDragCardViewProjectUITests.m */; };
		1F9273D121512C57002C8E93 /* CardView.m in Sources */ = {isa = PBXBuildFile; fileRef = 1F9273CE21512C56002C8E93 /* CardView.m */; };
		1F9273D221512C57002C8E93 /* MainViewController.m in Sources */ = {isa = PBXBuildFile; fileRef = 1F9273D021512C57002C8E93 /* MainViewController.m */; };
		1F9273D921512C7A002C8E93 /* YFLDragCardContainer.m in Sources */ = {isa = PBXBuildFile; fileRef = 1F9273D721512C7A002C8E93 /* YFLDragCardContainer.m */; };
		1F9273DA21512C7A002C8E93 /* YFLDragCardView.m in Sources */ = {isa = PBXBuildFile; fileRef = 1F9273D821512C7A002C8E93 /* YFLDragCardView.m */; };
/* End PBXBuildFile section */

/* Begin PBXContainerItemProxy section */
		1F9273B121512C3C002C8E93 /* PBXContainerItemProxy */ = {
			isa = PBXContainerItemProxy;
			containerPortal = 1F92739021512C3B002C8E93 /* Project object */;
			proxyType = 1;
			remoteGlobalIDString = 1F92739721512C3B002C8E93;
			remoteInfo = YFLDragCardViewProject;
		};
		1F9273BC21512C3C002C8E93 /* PBXContainerItemProxy */ = {
			isa = PBXContainerItemProxy;
			containerPortal = 1F92739021512C3B002C8E93 /* Project object */;
			proxyType = 1;
			remoteGlobalIDString = 1F92739721512C3B002C8E93;
			remoteInfo = YFLDragCardViewProject;
		};
/* End PBXContainerItemProxy section */

/* Begin PBXFileReference section */
		1F92739821512C3B002C8E93 /* YFLDragCardViewProject.app */ = {isa = PBXFileReference; explicitFileType = wrapper.application; includeInIndex = 0; path = YFLDragCardViewProject.app; sourceTree = BUILT_PRODUCTS_DIR; };
		1F92739B21512C3B002C8E93 /* AppDelegate.h */ = {isa = PBXFileReference; lastKnownFileType = sourcecode.c.h; path = AppDelegate.h; sourceTree = "<group>"; };
		1F92739C21512C3B002C8E93 /* AppDelegate.m */ = {isa = PBXFileReference; lastKnownFileType = sourcecode.c.objc; path = AppDelegate.m; sourceTree = "<group>"; };
		1F9273A421512C3B002C8E93 /* Assets.xcassets */ = {isa = PBXFileReference; lastKnownFileType = folder.assetcatalog; path = Assets.xcassets; sourceTree = "<group>"; };
		1F9273A721512C3B002C8E93 /* Base */ = {isa = PBXFileReference; lastKnownFileType = file.storyboard; name = Base; path = Base.lproj/LaunchScreen.storyboard; sourceTree = "<group>"; };
		1F9273A921512C3C002C8E93 /* Info.plist */ = {isa = PBXFileReference; lastKnownFileType = text.plist.xml; path = Info.plist; sourceTree = "<group>"; };
		1F9273AA21512C3C002C8E93 /* main.m */ = {isa = PBXFileReference; lastKnownFileType = sourcecode.c.objc; path = main.m; sourceTree = "<group>"; };
		1F9273B021512C3C002C8E93 /* YFLDragCardViewProjectTests.xctest */ = {isa = PBXFileReference; explicitFileType = wrapper.cfbundle; includeInIndex = 0; path = YFLDragCardViewProjectTests.xctest; sourceTree = BUILT_PRODUCTS_DIR; };
		1F9273B421512C3C002C8E93 /* YFLDragCardViewProjectTests.m */ = {isa = PBXFileReference; lastKnownFileType = sourcecode.c.objc; path = YFLDragCardViewProjectTests.m; sourceTree = "<group>"; };
		1F9273B621512C3C002C8E93 /* Info.plist */ = {isa = PBXFileReference; lastKnownFileType = text.plist.xml; path = Info.plist; sourceTree = "<group>"; };
		1F9273BB21512C3C002C8E93 /* YFLDragCardViewProjectUITests.xctest */ = {isa = PBXFileReference; explicitFileType = wrapper.cfbundle; includeInIndex = 0; path = YFLDragCardViewProjectUITests.xctest; sourceTree = BUILT_PRODUCTS_DIR; };
		1F9273BF21512C3C002C8E93 /* YFLDragCardViewProjectUITests.m */ = {isa = PBXFileReference; lastKnownFileType = sourcecode.c.objc; path = YFLDragCardViewProjectUITests.m; sourceTree = "<group>"; };
		1F9273C121512C3C002C8E93 /* Info.plist */ = {isa = PBXFileReference; lastKnownFileType = text.plist.xml; path = Info.plist; sourceTree = "<group>"; };
		1F9273CD21512C56002C8E93 /* MainViewController.h */ = {isa = PBXFileReference; fileEncoding = 4; lastKnownFileType = sourcecode.c.h; path = MainViewController.h; sourceTree = "<group>"; };
		1F9273CE21512C56002C8E93 /* CardView.m */ = {isa = PBXFileReference; fileEncoding = 4; lastKnownFileType = sourcecode.c.objc; path = CardView.m; sourceTree = "<group>"; };
		1F9273CF21512C57002C8E93 /* CardView.h */ = {isa = PBXFileReference; fileEncoding = 4; lastKnownFileType = sourcecode.c.h; path = CardView.h; sourceTree = "<group>"; };
		1F9273D021512C57002C8E93 /* MainViewController.m */ = {isa = PBXFileReference; fileEncoding = 4; lastKnownFileType = sourcecode.c.objc; path = MainViewController.m; sourceTree = "<group>"; };
		1F9273D421512C7A002C8E93 /* YFLDragCardView.h */ = {isa = PBXFileReference; fileEncoding = 4; lastKnownFileType = sourcecode.c.h; path = YFLDragCardView.h; sourceTree = "<group>"; };
		1F9273D521512C7A002C8E93 /* YFLDragCardContainer.h */ = {isa = PBXFileReference; fileEncoding = 4; lastKnownFileType = sourcecode.c.h; path = YFLDragCardContainer.h; sourceTree = "<group>"; };
		1F9273D621512C7A002C8E93 /* YFLDragCardConfigure.h */ = {isa = PBXFileReference; fileEncoding = 4; lastKnownFileType = sourcecode.c.h; path = YFLDragCardConfigure.h; sourceTree = "<group>"; };
		1F9273D721512C7A002C8E93 /* YFLDragCardContainer.m */ = {isa = PBXFileReference; fileEncoding = 4; lastKnownFileType = sourcecode.c.objc; path = YFLDragCardContainer.m; sourceTree = "<group>"; };
		1F9273D821512C7A002C8E93 /* YFLDragCardView.m */ = {isa = PBXFileReference; fileEncoding = 4; lastKnownFileType = sourcecode.c.objc; path = YFLDragCardView.m; sourceTree = "<group>"; };
/* End PBXFileReference section */

/* Begin PBXFrameworksBuildPhase section */
		1F92739521512C3B002C8E93 /* Frameworks */ = {
			isa = PBXFrameworksBuildPhase;
			buildActionMask = 2147483647;
			files = (
			);
			runOnlyForDeploymentPostprocessing = 0;
		};
		1F9273AD21512C3C002C8E93 /* Frameworks */ = {
			isa = PBXFrameworksBuildPhase;
			buildActionMask = 2147483647;
			files = (
			);
			runOnlyForDeploymentPostprocessing = 0;
		};
		1F9273B821512C3C002C8E93 /* Frameworks */ = {
			isa = PBXFrameworksBuildPhase;
			buildActionMask = 2147483647;
			files = (
			);
			runOnlyForDeploymentPostprocessing = 0;
		};
/* End PBXFrameworksBuildPhase section */

/* Begin PBXGroup section */
		1F92738F21512C3B002C8E93 = {
			isa = PBXGroup;
			children = (
				1F92739A21512C3B002C8E93 /* YFLDragCardViewProject */,
				1F9273B321512C3C002C8E93 /* YFLDragCardViewProjectTests */,
				1F9273BE21512C3C002C8E93 /* YFLDragCardViewProjectUITests */,
				1F92739921512C3B002C8E93 /* Products */,
			);
			sourceTree = "<group>";
		};
		1F92739921512C3B002C8E93 /* Products */ = {
			isa = PBXGroup;
			children = (
				1F92739821512C3B002C8E93 /* YFLDragCardViewProject.app */,
				1F9273B021512C3C002C8E93 /* YFLDragCardViewProjectTests.xctest */,
				1F9273BB21512C3C002C8E93 /* YFLDragCardViewProjectUITests.xctest */,
			);
			name = Products;
			sourceTree = "<group>";
		};
		1F92739A21512C3B002C8E93 /* YFLDragCardViewProject */ = {
			isa = PBXGroup;
			children = (
				1F9273DC21512CAA002C8E93 /* screensShots */,
				1F9273DB21512CA2002C8E93 /* resource */,
				1F9273D321512C6F002C8E93 /* Lib */,
				1F92739B21512C3B002C8E93 /* AppDelegate.h */,
				1F92739C21512C3B002C8E93 /* AppDelegate.m */,
				1F9273CD21512C56002C8E93 /* MainViewController.h */,
				1F9273D021512C57002C8E93 /* MainViewController.m */,
				1F9273CF21512C57002C8E93 /* CardView.h */,
				1F9273CE21512C56002C8E93 /* CardView.m */,
				1F9273A421512C3B002C8E93 /* Assets.xcassets */,
				1F9273A621512C3B002C8E93 /* LaunchScreen.storyboard */,
				1F9273A921512C3C002C8E93 /* Info.plist */,
				1F9273AA21512C3C002C8E93 /* main.m */,
			);
			path = YFLDragCardViewProject;
			sourceTree = "<group>";
		};
		1F9273B321512C3C002C8E93 /* YFLDragCardViewProjectTests */ = {
			isa = PBXGroup;
			children = (
				1F9273B421512C3C002C8E93 /* YFLDragCardViewProjectTests.m */,
				1F9273B621512C3C002C8E93 /* Info.plist */,
			);
			path = YFLDragCardViewProjectTests;
			sourceTree = "<group>";
		};
		1F9273BE21512C3C002C8E93 /* YFLDragCardViewProjectUITests */ = {
			isa = PBXGroup;
			children = (
				1F9273BF21512C3C002C8E93 /* YFLDragCardViewProjectUITests.m */,
				1F9273C121512C3C002C8E93 /* Info.plist */,
			);
			path = YFLDragCardViewProjectUITests;
			sourceTree = "<group>";
		};
		1F9273D321512C6F002C8E93 /* Lib */ = {
			isa = PBXGroup;
			children = (
				1F9273D621512C7A002C8E93 /* YFLDragCardConfigure.h */,
				1F9273D521512C7A002C8E93 /* YFLDragCardContainer.h */,
				1F9273D721512C7A002C8E93 /* YFLDragCardContainer.m */,
				1F9273D421512C7A002C8E93 /* YFLDragCardView.h */,
				1F9273D821512C7A002C8E93 /* YFLDragCardView.m */,
			);
			path = Lib;
			sourceTree = "<group>";
		};
		1F9273DB21512CA2002C8E93 /* resource */ = {
			isa = PBXGroup;
			children = (
			);
			path = resource;
			sourceTree = "<group>";
		};
		1F9273DC21512CAA002C8E93 /* screensShots */ = {
			isa = PBXGroup;
			children = (
			);
			path = screensShots;
			sourceTree = "<group>";
		};
/* End PBXGroup section */

/* Begin PBXNativeTarget section */
		1F92739721512C3B002C8E93 /* YFLDragCardViewProject */ = {
			isa = PBXNativeTarget;
			buildConfigurationList = 1F9273C421512C3C002C8E93 /* Build configuration list for PBXNativeTarget "YFLDragCardViewProject" */;
			buildPhases = (
				1F92739421512C3B002C8E93 /* Sources */,
				1F92739521512C3B002C8E93 /* Frameworks */,
				1F92739621512C3B002C8E93 /* Resources */,
			);
			buildRules = (
			);
			dependencies = (
			);
			name = YFLDragCardViewProject;
			productName = YFLDragCardViewProject;
			productReference = 1F92739821512C3B002C8E93 /* YFLDragCardViewProject.app */;
			productType = "com.apple.product-type.application";
		};
		1F9273AF21512C3C002C8E93 /* YFLDragCardViewProjectTests */ = {
			isa = PBXNativeTarget;
			buildConfigurationList = 1F9273C721512C3C002C8E93 /* Build configuration list for PBXNativeTarget "YFLDragCardViewProjectTests" */;
			buildPhases = (
				1F9273AC21512C3C002C8E93 /* Sources */,
				1F9273AD21512C3C002C8E93 /* Frameworks */,
				1F9273AE21512C3C002C8E93 /* Resources */,
			);
			buildRules = (
			);
			dependencies = (
				1F9273B221512C3C002C8E93 /* PBXTargetDependency */,
			);
			name = YFLDragCardViewProjectTests;
			productName = YFLDragCardViewProjectTests;
			productReference = 1F9273B021512C3C002C8E93 /* YFLDragCardViewProjectTests.xctest */;
			productType = "com.apple.product-type.bundle.unit-test";
		};
		1F9273BA21512C3C002C8E93 /* YFLDragCardViewProjectUITests */ = {
			isa = PBXNativeTarget;
			buildConfigurationList = 1F9273CA21512C3C002C8E93 /* Build configuration list for PBXNativeTarget "YFLDragCardViewProjectUITests" */;
			buildPhases = (
				1F9273B721512C3C002C8E93 /* Sources */,
				1F9273B821512C3C002C8E93 /* Frameworks */,
				1F9273B921512C3C002C8E93 /* Resources */,
			);
			buildRules = (
			);
			dependencies = (
				1F9273BD21512C3C002C8E93 /* PBXTargetDependency */,
			);
			name = YFLDragCardViewProjectUITests;
			productName = YFLDragCardViewProjectUITests;
			productReference = 1F9273BB21512C3C002C8E93 /* YFLDragCardViewProjectUITests.xctest */;
			productType = "com.apple.product-type.bundle.ui-testing";
		};
/* End PBXNativeTarget section */

/* Begin PBXProject section */
		1F92739021512C3B002C8E93 /* Project object */ = {
			isa = PBXProject;
			attributes = {
				LastUpgradeCheck = 0940;
				ORGANIZATIONNAME = Cherish;
				TargetAttributes = {
					1F92739721512C3B002C8E93 = {
						CreatedOnToolsVersion = 9.4.1;
					};
					1F9273AF21512C3C002C8E93 = {
						CreatedOnToolsVersion = 9.4.1;
						TestTargetID = 1F92739721512C3B002C8E93;
					};
					1F9273BA21512C3C002C8E93 = {
						CreatedOnToolsVersion = 9.4.1;
						TestTargetID = 1F92739721512C3B002C8E93;
					};
				};
			};
			buildConfigurationList = 1F92739321512C3B002C8E93 /* Build configuration list for PBXProject "YFLDragCardViewProject" */;
			compatibilityVersion = "Xcode 9.3";
			developmentRegion = en;
			hasScannedForEncodings = 0;
			knownRegions = (
				en,
				Base,
			);
			mainGroup = 1F92738F21512C3B002C8E93;
			productRefGroup = 1F92739921512C3B002C8E93 /* Products */;
			projectDirPath = "";
			projectRoot = "";
			targets = (
				1F92739721512C3B002C8E93 /* YFLDragCardViewProject */,
				1F9273AF21512C3C002C8E93 /* YFLDragCardViewProjectTests */,
				1F9273BA21512C3C002C8E93 /* YFLDragCardViewProjectUITests */,
			);
		};
/* End PBXProject section */

/* Begin PBXResourcesBuildPhase section */
		1F92739621512C3B002C8E93 /* Resources */ = {
			isa = PBXResourcesBuildPhase;
			buildActionMask = 2147483647;
			files = (
				1F9273A821512C3B002C8E93 /* LaunchScreen.storyboard in Resources */,
				1F9273A521512C3B002C8E93 /* Assets.xcassets in Resources */,
			);
			runOnlyForDeploymentPostprocessing = 0;
		};
		1F9273AE21512C3C002C8E93 /* Resources */ = {
			isa = PBXResourcesBuildPhase;
			buildActionMask = 2147483647;
			files = (
			);
			runOnlyForDeploymentPostprocessing = 0;
		};
		1F9273B921512C3C002C8E93 /* Resources */ = {
			isa = PBXResourcesBuildPhase;
			buildActionMask = 2147483647;
			files = (
			);
			runOnlyForDeploymentPostprocessing = 0;
		};
/* End PBXResourcesBuildPhase section */

/* Begin PBXSourcesBuildPhase section */
		1F92739421512C3B002C8E93 /* Sources */ = {
			isa = PBXSourcesBuildPhase;
			buildActionMask = 2147483647;
			files = (
				1F9273D921512C7A002C8E93 /* YFLDragCardContainer.m in Sources */,
				1F9273D121512C57002C8E93 /* CardView.m in Sources */,
				1F9273AB21512C3C002C8E93 /* main.m in Sources */,
				1F92739D21512C3B002C8E93 /* AppDelegate.m in Sources */,
				1F9273DA21512C7A002C8E93 /* YFLDragCardView.m in Sources */,
				1F9273D221512C57002C8E93 /* MainViewController.m in Sources */,
			);
			runOnlyForDeploymentPostprocessing = 0;
		};
		1F9273AC21512C3C002C8E93 /* Sources */ = {
			isa = PBXSourcesBuildPhase;
			buildActionMask = 2147483647;
			files = (
				1F9273B521512C3C002C8E93 /* YFLDragCardViewProjectTests.m in Sources */,
			);
			runOnlyForDeploymentPostprocessing = 0;
		};
		1F9273B721512C3C002C8E93 /* Sources */ = {
			isa = PBXSourcesBuildPhase;
			buildActionMask = 2147483647;
			files = (
				1F9273C021512C3C002C8E93 /* YFLDragCardViewProjectUITests.m in Sources */,
			);
			runOnlyForDeploymentPostprocessing = 0;
		};
/* End PBXSourcesBuildPhase section */

/* Begin PBXTargetDependency section */
		1F9273B221512C3C002C8E93 /* PBXTargetDependency */ = {
			isa = PBXTargetDependency;
			target = 1F92739721512C3B002C8E93 /* YFLDragCardViewProject */;
			targetProxy = 1F9273B121512C3C002C8E93 /* PBXContainerItemProxy */;
		};
		1F9273BD21512C3C002C8E93 /* PBXTargetDependency */ = {
			isa = PBXTargetDependency;
			target = 1F92739721512C3B002C8E93 /* YFLDragCardViewProject */;
			targetProxy = 1F9273BC21512C3C002C8E93 /* PBXContainerItemProxy */;
		};
/* End PBXTargetDependency section */

/* Begin PBXVariantGroup section */
		1F9273A621512C3B002C8E93 /* LaunchScreen.storyboard */ = {
			isa = PBXVariantGroup;
			children = (
				1F9273A721512C3B002C8E93 /* Base */,
			);
			name = LaunchScreen.storyboard;
			sourceTree = "<group>";
		};
/* End PBXVariantGroup section */

/* Begin XCBuildConfiguration section */
		1F9273C221512C3C002C8E93 /* Debug */ = {
			isa = XCBuildConfiguration;
			buildSettings = {
				ALWAYS_SEARCH_USER_PATHS = NO;
				CLANG_ANALYZER_NONNULL = YES;
				CLANG_ANALYZER_NUMBER_OBJECT_CONVERSION = YES_AGGRESSIVE;
				CLANG_CXX_LANGUAGE_STANDARD = "gnu++14";
				CLANG_CXX_LIBRARY = "libc++";
				CLANG_ENABLE_MODULES = YES;
				CLANG_ENABLE_OBJC_ARC = YES;
				CLANG_ENABLE_OBJC_WEAK = YES;
				CLANG_WARN_BLOCK_CAPTURE_AUTORELEASING = YES;
				CLANG_WARN_BOOL_CONVERSION = YES;
				CLANG_WARN_COMMA = YES;
				CLANG_WARN_CONSTANT_CONVERSION = YES;
				CLANG_WARN_DEPRECATED_OBJC_IMPLEMENTATIONS = YES;
				CLANG_WARN_DIRECT_OBJC_ISA_USAGE = YES_ERROR;
				CLANG_WARN_DOCUMENTATION_COMMENTS = YES;
				CLANG_WARN_EMPTY_BODY = YES;
				CLANG_WARN_ENUM_CONVERSION = YES;
				CLANG_WARN_INFINITE_RECURSION = YES;
				CLANG_WARN_INT_CONVERSION = YES;
				CLANG_WARN_NON_LITERAL_NULL_CONVERSION = YES;
				CLANG_WARN_OBJC_IMPLICIT_RETAIN_SELF = YES;
				CLANG_WARN_OBJC_LITERAL_CONVERSION = YES;
				CLANG_WARN_OBJC_ROOT_CLASS = YES_ERROR;
				CLANG_WARN_RANGE_LOOP_ANALYSIS = YES;
				CLANG_WARN_STRICT_PROTOTYPES = YES;
				CLANG_WARN_SUSPICIOUS_MOVE = YES;
				CLANG_WARN_UNGUARDED_AVAILABILITY = YES_AGGRESSIVE;
				CLANG_WARN_UNREACHABLE_CODE = YES;
				CLANG_WARN__DUPLICATE_METHOD_MATCH = YES;
				CODE_SIGN_IDENTITY = "iPhone Developer";
				COPY_PHASE_STRIP = NO;
				DEBUG_INFORMATION_FORMAT = dwarf;
				ENABLE_STRICT_OBJC_MSGSEND = YES;
				ENABLE_TESTABILITY = YES;
				GCC_C_LANGUAGE_STANDARD = gnu11;
				GCC_DYNAMIC_NO_PIC = NO;
				GCC_NO_COMMON_BLOCKS = YES;
				GCC_OPTIMIZATION_LEVEL = 0;
				GCC_PREPROCESSOR_DEFINITIONS = (
					"DEBUG=1",
					"$(inherited)",
				);
				GCC_WARN_64_TO_32_BIT_CONVERSION = YES;
				GCC_WARN_ABOUT_RETURN_TYPE = YES_ERROR;
				GCC_WARN_UNDECLARED_SELECTOR = YES;
				GCC_WARN_UNINITIALIZED_AUTOS = YES_AGGRESSIVE;
				GCC_WARN_UNUSED_FUNCTION = YES;
				GCC_WARN_UNUSED_VARIABLE = YES;
				IPHONEOS_DEPLOYMENT_TARGET = 11.4;
				MTL_ENABLE_DEBUG_INFO = YES;
				ONLY_ACTIVE_ARCH = YES;
				SDKROOT = iphoneos;
			};
			name = Debug;
		};
		1F9273C321512C3C002C8E93 /* Release */ = {
			isa = XCBuildConfiguration;
			buildSettings = {
				ALWAYS_SEARCH_USER_PATHS = NO;
				CLANG_ANALYZER_NONNULL = YES;
				CLANG_ANALYZER_NUMBER_OBJECT_CONVERSION = YES_AGGRESSIVE;
				CLANG_CXX_LANGUAGE_STANDARD = "gnu++14";
				CLANG_CXX_LIBRARY = "libc++";
				CLANG_ENABLE_MODULES = YES;
				CLANG_ENABLE_OBJC_ARC = YES;
				CLANG_ENABLE_OBJC_WEAK = YES;
				CLANG_WARN_BLOCK_CAPTURE_AUTORELEASING = YES;
				CLANG_WARN_BOOL_CONVERSION = YES;
				CLANG_WARN_COMMA = YES;
				CLANG_WARN_CONSTANT_CONVERSION = YES;
				CLANG_WARN_DEPRECATED_OBJC_IMPLEMENTATIONS = YES;
				CLANG_WARN_DIRECT_OBJC_ISA_USAGE = YES_ERROR;
				CLANG_WARN_DOCUMENTATION_COMMENTS = YES;
				CLANG_WARN_EMPTY_BODY = YES;
				CLANG_WARN_ENUM_CONVERSION = YES;
				CLANG_WARN_INFINITE_RECURSION = YES;
				CLANG_WARN_INT_CONVERSION = YES;
				CLANG_WARN_NON_LITERAL_NULL_CONVERSION = YES;
				CLANG_WARN_OBJC_IMPLICIT_RETAIN_SELF = YES;
				CLANG_WARN_OBJC_LITERAL_CONVERSION = YES;
				CLANG_WARN_OBJC_ROOT_CLASS = YES_ERROR;
				CLANG_WARN_RANGE_LOOP_ANALYSIS = YES;
				CLANG_WARN_STRICT_PROTOTYPES = YES;
				CLANG_WARN_SUSPICIOUS_MOVE = YES;
				CLANG_WARN_UNGUARDED_AVAILABILITY = YES_AGGRESSIVE;
				CLANG_WARN_UNREACHABLE_CODE = YES;
				CLANG_WARN__DUPLICATE_METHOD_MATCH = YES;
				CODE_SIGN_IDENTITY = "iPhone Developer";
				COPY_PHASE_STRIP = NO;
				DEBUG_INFORMATION_FORMAT = "dwarf-with-dsym";
				ENABLE_NS_ASSERTIONS = NO;
				ENABLE_STRICT_OBJC_MSGSEND = YES;
				GCC_C_LANGUAGE_STANDARD = gnu11;
				GCC_NO_COMMON_BLOCKS = YES;
				GCC_WARN_64_TO_32_BIT_CONVERSION = YES;
				GCC_WARN_ABOUT_RETURN_TYPE = YES_ERROR;
				GCC_WARN_UNDECLARED_SELECTOR = YES;
				GCC_WARN_UNINITIALIZED_AUTOS = YES_AGGRESSIVE;
				GCC_WARN_UNUSED_FUNCTION = YES;
				GCC_WARN_UNUSED_VARIABLE = YES;
				IPHONEOS_DEPLOYMENT_TARGET = 11.4;
				MTL_ENABLE_DEBUG_INFO = NO;
				SDKROOT = iphoneos;
				VALIDATE_PRODUCT = YES;
			};
			name = Release;
		};
		1F9273C521512C3C002C8E93 /* Debug */ = {
			isa = XCBuildConfiguration;
			buildSettings = {
				ASSETCATALOG_COMPILER_APPICON_NAME = AppIcon;
				CODE_SIGN_STYLE = Automatic;
				DEVELOPMENT_TEAM = K9V7FM4SGX;
				INFOPLIST_FILE = YFLDragCardViewProject/Info.plist;
				IPHONEOS_DEPLOYMENT_TARGET = 8.0;
				LD_RUNPATH_SEARCH_PATHS = (
					"$(inherited)",
					"@executable_path/Frameworks",
				);
				PRODUCT_BUNDLE_IDENTIFIER = com.lemon.YFLDragCardViewProject;
				PRODUCT_NAME = "$(TARGET_NAME)";
				TARGETED_DEVICE_FAMILY = "1,2";
			};
			name = Debug;
		};
		1F9273C621512C3C002C8E93 /* Release */ = {
			isa = XCBuildConfiguration;
			buildSettings = {
				ASSETCATALOG_COMPILER_APPICON_NAME = AppIcon;
				CODE_SIGN_STYLE = Automatic;
				DEVELOPMENT_TEAM = K9V7FM4SGX;
				INFOPLIST_FILE = YFLDragCardViewProject/Info.plist;
				IPHONEOS_DEPLOYMENT_TARGET = 8.0;
				LD_RUNPATH_SEARCH_PATHS = (
					"$(inherited)",
					"@executable_path/Frameworks",
				);
				PRODUCT_BUNDLE_IDENTIFIER = com.lemon.YFLDragCardViewProject;
				PRODUCT_NAME = "$(TARGET_NAME)";
				TARGETED_DEVICE_FAMILY = "1,2";
			};
			name = Release;
		};
		1F9273C821512C3C002C8E93 /* Debug */ = {
			isa = XCBuildConfiguration;
			buildSettings = {
				BUNDLE_LOADER = "$(TEST_HOST)";
				CODE_SIGN_STYLE = Automatic;
				INFOPLIST_FILE = YFLDragCardViewProjectTests/Info.plist;
				LD_RUNPATH_SEARCH_PATHS = (
					"$(inherited)",
					"@executable_path/Frameworks",
					"@loader_path/Frameworks",
				);
				PRODUCT_BUNDLE_IDENTIFIER = com.lemon.YFLDragCardViewProjectTests;
				PRODUCT_NAME = "$(TARGET_NAME)";
				TARGETED_DEVICE_FAMILY = "1,2";
				TEST_HOST = "$(BUILT_PRODUCTS_DIR)/YFLDragCardViewProject.app/YFLDragCardViewProject";
			};
			name = Debug;
		};
		1F9273C921512C3C002C8E93 /* Release */ = {
			isa = XCBuildConfiguration;
			buildSettings = {
				BUNDLE_LOADER = "$(TEST_HOST)";
				CODE_SIGN_STYLE = Automatic;
				INFOPLIST_FILE = YFLDragCardViewProjectTests/Info.plist;
				LD_RUNPATH_SEARCH_PATHS = (
					"$(inherited)",
					"@executable_path/Frameworks",
					"@loader_path/Frameworks",
				);
				PRODUCT_BUNDLE_IDENTIFIER = com.lemon.YFLDragCardViewProjectTests;
				PRODUCT_NAME = "$(TARGET_NAME)";
				TARGETED_DEVICE_FAMILY = "1,2";
				TEST_HOST = "$(BUILT_PRODUCTS_DIR)/YFLDragCardViewProject.app/YFLDragCardViewProject";
			};
			name = Release;
		};
		1F9273CB21512C3C002C8E93 /* Debug */ = {
			isa = XCBuildConfiguration;
			buildSettings = {
				CODE_SIGN_STYLE = Automatic;
				INFOPLIST_FILE = YFLDragCardViewProjectUITests/Info.plist;
				LD_RUNPATH_SEARCH_PATHS = (
					"$(inherited)",
					"@executable_path/Frameworks",
					"@loader_path/Frameworks",
				);
				PRODUCT_BUNDLE_IDENTIFIER = com.lemon.YFLDragCardViewProjectUITests;
				PRODUCT_NAME = "$(TARGET_NAME)";
				TARGETED_DEVICE_FAMILY = "1,2";
				TEST_TARGET_NAME = YFLDragCardViewProject;
			};
			name = Debug;
		};
		1F9273CC21512C3C002C8E93 /* Release */ = {
			isa = XCBuildConfiguration;
			buildSettings = {
				CODE_SIGN_STYLE = Automatic;
				INFOPLIST_FILE = YFLDragCardViewProjectUITests/Info.plist;
				LD_RUNPATH_SEARCH_PATHS = (
					"$(inherited)",
					"@executable_path/Frameworks",
					"@loader_path/Frameworks",
				);
				PRODUCT_BUNDLE_IDENTIFIER = com.lemon.YFLDragCardViewProjectUITests;
				PRODUCT_NAME = "$(TARGET_NAME)";
				TARGETED_DEVICE_FAMILY = "1,2";
				TEST_TARGET_NAME = YFLDragCardViewProject;
			};
			name = Release;
		};
/* End XCBuildConfiguration section */

/* Begin XCConfigurationList section */
		1F92739321512C3B002C8E93 /* Build configuration list for PBXProject "YFLDragCardViewProject" */ = {
			isa = XCConfigurationList;
			buildConfigurations = (
				1F9273C221512C3C002C8E93 /* Debug */,
				1F9273C321512C3C002C8E93 /* Release */,
			);
			defaultConfigurationIsVisible = 0;
			defaultConfigurationName = Release;
		};
		1F9273C421512C3C002C8E93 /* Build configuration list for PBXNativeTarget "YFLDragCardViewProject" */ = {
			isa = XCConfigurationList;
			buildConfigurations = (
				1F9273C521512C3C002C8E93 /* Debug */,
				1F9273C621512C3C002C8E93 /* Release */,
			);
			defaultConfigurationIsVisible = 0;
			defaultConfigurationName = Release;
		};
		1F9273C721512C3C002C8E93 /* Build configuration list for PBXNativeTarget "YFLDragCardViewProjectTests" */ = {
			isa = XCConfigurationList;
			buildConfigurations = (
				1F9273C821512C3C002C8E93 /* Debug */,
				1F9273C921512C3C002C8E93 /* Release */,
			);
			defaultConfigurationIsVisible = 0;
			defaultConfigurationName = Release;
		};
		1F9273CA21512C3C002C8E93 /* Build configuration list for PBXNativeTarget "YFLDragCardViewProjectUITests" */ = {
			isa = XCConfigurationList;
			buildConfigurations = (
				1F9273CB21512C3C002C8E93 /* Debug */,
				1F9273CC21512C3C002C8E93 /* Release */,
			);
			defaultConfigurationIsVisible = 0;
			defaultConfigurationName = Release;
		};
/* End XCConfigurationList section */
	};
	rootObject = 1F92739021512C3B002C8E93 /* Project object */;
}
